
Microsoft Visual Studio Solution File, Format Version 12.00
# Visual Studio Version 16
VisualStudioVersion = 16.0.31105.61
MinimumVisualStudioVersion = 10.0.40219.1
Project("{FAE04EC0-301F-11D3-BF4B-00C04F79EFBC}") = "StudentDataModels", "StudentDataModels\StudentDataModels.csproj", "{49742091-178D-4E5B-8884-25F2C2ADC940}"
EndProject
Project("{FAE04EC0-301F-11D3-BF4B-00C04F79EFBC}") = "StudentDataLoader", "StudentDataLoader\StudentDataLoader.csproj", "{CFC89DCD-1711-434C-A245-9F4F05D2D559}"
EndProject
Global
	GlobalSection(SolutionConfigurationPlatforms) = preSolution
		Debug|Any CPU = Debug|Any CPU
		Release|Any CPU = Release|Any CPU
	EndGlobalSection
	GlobalSection(ProjectConfigurationPlatforms) = postSolution
		{49742091-178D-4E5B-8884-25F2C2ADC940}.Debug|Any CPU.ActiveCfg = Debug|Any CPU
		{49742091-178D-4E5B-8884-25F2C2ADC940}.Debug|Any CPU.Build.0 = Debug|Any CPU
		{49742091-178D-4E5B-8884-25F2C2ADC940}.Release|Any CPU.ActiveCfg = Release|Any CPU
		{49742091-178D-4E5B-8884-25F2C2ADC940}.Release|Any CPU.Build.0 = Release|Any CPU
		{CFC89DCD-1711-434C-A245-9F4F05D2D559}.Debug|Any CPU.ActiveCfg = Debug|Any CPU
		{CFC89DCD-1711-434C-A245-9F4F05D2D559}.Debug|Any CPU.Build.0 = Debug|Any CPU
		{CFC89DCD-1711-434C-A245-9F4F05D2D559}.Release|Any CPU.ActiveCfg = Release|Any CPU
		{CFC89DCD-1711-434C-A245-9F4F05D2D559}.Release|Any CPU.Build.0 = Release|Any CPU
	EndGlobalSection
	GlobalSection(SolutionProperties) = preSolution
		HideSolutionNode = FALSE
	EndGlobalSection
	GlobalSection(ExtensibilityGlobals) = postSolution
		SolutionGuid = {2C4D0381-1033-4762-B2DA-79B1A2170811}
	EndGlobalSection
EndGlobal
